// !$*UTF8*$!
{
	archiveVersion = 1;
	classes = {
	};
	objectVersion = 46;
	objects = {

/* Begin PBXBuildFile section */
		6DFDC193C6015D698DF35402 /* RWTaskKitDemo_ObjCTests.m in Sources */ = {isa = PBXBuildFile; fileRef = 6DFDC26877153283DBF26147 /* RWTaskKitDemo_ObjCTests.m */; };
		6DFDC656205EA2D423B96EC3 /* main.m in Sources */ = {isa = PBXBuildFile; fileRef = 6DFDCB130B6DC65EC08F5666 /* main.m */; };
		6DFDC6D4ABCDD832B72EA4AA /* AppDelegate.m in Sources */ = {isa = PBXBuildFile; fileRef = 6DFDCD7768E28B777F831159 /* AppDelegate.m */; };
		6DFDC711A0783FE7A4060478 /* ViewController.m in Sources */ = {isa = PBXBuildFile; fileRef = 6DFDC9516CC8DE16792BFA61 /* ViewController.m */; };
		6DFDC72F1AD962E55CD61571 /* Main.storyboard in Resources */ = {isa = PBXBuildFile; fileRef = 6DFDC4547EF9722B997C4691 /* Main.storyboard */; };
		6DFDC94E2BC63EB9AF449376 /* Info.plist in Resources */ = {isa = PBXBuildFile; fileRef = 6DFDC7B7FB2D5847F1178485 /* Info.plist */; };
		6DFDCA49251C31E25467141B /* Info.plist in Resources */ = {isa = PBXBuildFile; fileRef = 6DFDC5BDD1B749F2293EB5A5 /* Info.plist */; };
		6DFDCCDCD7E563814FF6596B /* Assets.xcassets in Resources */ = {isa = PBXBuildFile; fileRef = 6DFDC8E62D16D9EBF2B7BC4C /* Assets.xcassets */; };
		6DFDCD06D148FCAA53C5E750 /* LaunchScreen.storyboard in Resources */ = {isa = PBXBuildFile; fileRef = 6DFDCC68BDECABCCBDD35F54 /* LaunchScreen.storyboard */; };
/* End PBXBuildFile section */

/* Begin PBXContainerItemProxy section */
		6DFDC416958DA44BFE329FF8 /* PBXContainerItemProxy */ = {
			isa = PBXContainerItemProxy;
			containerPortal = 6DFDCDA153E14C3E52ACD0EE /* Project object */;
			proxyType = 1;
			remoteGlobalIDString = 6DFDCE284D81B2B50869BEE6;
			remoteInfo = RWTaskKitDemo.ObjC;
		};
/* End PBXContainerItemProxy section */

/* Begin PBXFileReference section */
		6DFDC26877153283DBF26147 /* RWTaskKitDemo_ObjCTests.m */ = {isa = PBXFileReference; lastKnownFileType = sourcecode.c.objc; path = RWTaskKitDemo_ObjCTests.m; sourceTree = "<group>"; };
		6DFDC5BDD1B749F2293EB5A5 /* Info.plist */ = {isa = PBXFileReference; lastKnownFileType = text.plist.info; path = Info.plist; sourceTree = "<group>"; };
		6DFDC61C2944B2554B6B3532 /* Base */ = {isa = PBXFileReference; lastKnownFileType = file.storyboard; name = Base; path = Base.lproj/LaunchScreen.storyboard; sourceTree = "<group>"; };
		6DFDC73B58E627225920549B /* RWTaskKitDemo.ObjC.app */ = {isa = PBXFileReference; explicitFileType = wrapper.application; includeInIndex = 0; path = RWTaskKitDemo.ObjC.app; sourceTree = BUILT_PRODUCTS_DIR; };
		6DFDC7B7FB2D5847F1178485 /* Info.plist */ = {isa = PBXFileReference; lastKnownFileType = text.plist.info; path = Info.plist; sourceTree = "<group>"; };
		6DFDC81E4B28CB4776C53C20 /* RWTaskKitDemo.ObjCTests.xctest */ = {isa = PBXFileReference; explicitFileType = wrapper.cfbundle; includeInIndex = 0; path = RWTaskKitDemo.ObjCTests.xctest; sourceTree = BUILT_PRODUCTS_DIR; };
		6DFDC8E62D16D9EBF2B7BC4C /* Assets.xcassets */ = {isa = PBXFileReference; lastKnownFileType = folder.assetcatalog; path = Assets.xcassets; sourceTree = "<group>"; };
		6DFDC9516CC8DE16792BFA61 /* ViewController.m */ = {isa = PBXFileReference; lastKnownFileType = sourcecode.c.objc; path = ViewController.m; sourceTree = "<group>"; };
		6DFDCB130B6DC65EC08F5666 /* main.m */ = {isa = PBXFileReference; lastKnownFileType = sourcecode.c.objc; path = main.m; sourceTree = "<group>"; };
		6DFDCB158034D34BFA70DB0A /* AppDelegate.h */ = {isa = PBXFileReference; lastKnownFileType = sourcecode.c.h; path = AppDelegate.h; sourceTree = "<group>"; };
		6DFDCD563ECFEF0648EA03B6 /* Base */ = {isa = PBXFileReference; lastKnownFileType = file.storyboard; name = Base; path = Base.lproj/Main.storyboard; sourceTree = "<group>"; };
		6DFDCD7768E28B777F831159 /* AppDelegate.m */ = {isa = PBXFileReference; lastKnownFileType = sourcecode.c.objc; path = AppDelegate.m; sourceTree = "<group>"; };
		6DFDCD9EEE03CCFC05EC74EE /* ViewController.h */ = {isa = PBXFileReference; lastKnownFileType = sourcecode.c.h; path = ViewController.h; sourceTree = "<group>"; };
/* End PBXFileReference section */

/* Begin PBXFrameworksBuildPhase section */
		6DFDC175729E214A77D5A214 /* Frameworks */ = {
			isa = PBXFrameworksBuildPhase;
			buildActionMask = 2147483647;
			files = (
			);
			runOnlyForDeploymentPostprocessing = 0;
		};
		6DFDC1CA6731B0D7F9C69ED6 /* Frameworks */ = {
			isa = PBXFrameworksBuildPhase;
			buildActionMask = 2147483647;
			files = (
			);
			runOnlyForDeploymentPostprocessing = 0;
		};
/* End PBXFrameworksBuildPhase section */

/* Begin PBXGroup section */
		6DFDC1B601BF581B377EDED5 /* RWTaskKitDemo.ObjCTests */ = {
			isa = PBXGroup;
			children = (
				6DFDC5BDD1B749F2293EB5A5 /* Info.plist */,
				6DFDC26877153283DBF26147 /* RWTaskKitDemo_ObjCTests.m */,
			);
			path = RWTaskKitDemo.ObjCTests;
			sourceTree = "<group>";
		};
		6DFDC3D938148712659F413D /* Products */ = {
			isa = PBXGroup;
			children = (
				6DFDC73B58E627225920549B /* RWTaskKitDemo.ObjC.app */,
				6DFDC81E4B28CB4776C53C20 /* RWTaskKitDemo.ObjCTests.xctest */,
			);
			name = Products;
			sourceTree = "<group>";
		};
		6DFDC7B566D089DCF5587D1E /* RWTaskKitDemo.ObjC */ = {
			isa = PBXGroup;
			children = (
				6DFDC7B7FB2D5847F1178485 /* Info.plist */,
				6DFDC8E62D16D9EBF2B7BC4C /* Assets.xcassets */,
				6DFDCC68BDECABCCBDD35F54 /* LaunchScreen.storyboard */,
				6DFDCC65F281073381BC76C8 /* Supporting Files */,
				6DFDCB158034D34BFA70DB0A /* AppDelegate.h */,
				6DFDCD7768E28B777F831159 /* AppDelegate.m */,
				6DFDC4547EF9722B997C4691 /* Main.storyboard */,
				6DFDCD9EEE03CCFC05EC74EE /* ViewController.h */,
				6DFDC9516CC8DE16792BFA61 /* ViewController.m */,
				6DFDC9FE45FE7AC52A7334DE /* Core */,
			);
			path = RWTaskKitDemo.ObjC;
			sourceTree = "<group>";
		};
		6DFDC9FE45FE7AC52A7334DE /* Core */ = {
			isa = PBXGroup;
			children = (
			);
			path = Core;
			sourceTree = "<group>";
		};
		6DFDCA34985DA0704ED91E17 = {
			isa = PBXGroup;
			children = (
				6DFDC3D938148712659F413D /* Products */,
				6DFDC7B566D089DCF5587D1E /* RWTaskKitDemo.ObjC */,
				6DFDC1B601BF581B377EDED5 /* RWTaskKitDemo.ObjCTests */,
			);
			sourceTree = "<group>";
		};
		6DFDCC65F281073381BC76C8 /* Supporting Files */ = {
			isa = PBXGroup;
			children = (
				6DFDCB130B6DC65EC08F5666 /* main.m */,
			);
			name = "Supporting Files";
			sourceTree = "<group>";
		};
/* End PBXGroup section */

/* Begin PBXNativeTarget section */
		6DFDCE284D81B2B50869BEE6 /* RWTaskKitDemo.ObjC */ = {
			isa = PBXNativeTarget;
			buildConfigurationList = 6DFDCBB613FEB2174BFB0668 /* Build configuration list for PBXNativeTarget "RWTaskKitDemo.ObjC" */;
			buildPhases = (
				6DFDCBEB31024FE0A674A6CC /* Sources */,
				6DFDC175729E214A77D5A214 /* Frameworks */,
				6DFDC0FF864EB771832528AB /* Resources */,
			);
			buildRules = (
			);
			dependencies = (
			);
			name = RWTaskKitDemo.ObjC;
			productName = RWTaskKitDemo.ObjC;
			productReference = 6DFDC73B58E627225920549B /* RWTaskKitDemo.ObjC.app */;
			productType = "com.apple.product-type.application";
		};
		6DFDCEB0E7C9B3BCF47108EC /* RWTaskKitDemo.ObjCTests */ = {
			isa = PBXNativeTarget;
			buildConfigurationList = 6DFDC99295A126B91A3E706B /* Build configuration list for PBXNativeTarget "RWTaskKitDemo.ObjCTests" */;
			buildPhases = (
				6DFDC7EF2AA3B0CAE6D06118 /* Sources */,
				6DFDC1CA6731B0D7F9C69ED6 /* Frameworks */,
				6DFDCF66BE7FDDD8FF1C68F7 /* Resources */,
			);
			buildRules = (
			);
			dependencies = (
				6DFDCC793A80634D5E35BA86 /* PBXTargetDependency */,
			);
			name = RWTaskKitDemo.ObjCTests;
			productName = RWTaskKitDemo.ObjCTests;
			productReference = 6DFDC81E4B28CB4776C53C20 /* RWTaskKitDemo.ObjCTests.xctest */;
			productType = "com.apple.product-type.bundle.unit-test";
		};
/* End PBXNativeTarget section */

/* Begin PBXProject section */
		6DFDCDA153E14C3E52ACD0EE /* Project object */ = {
			isa = PBXProject;
			attributes = {
				ORGANIZATIONNAME = RW;
			};
			buildConfigurationList = 6DFDC916C4FF7D70BEA508C4 /* Build configuration list for PBXProject "RWTaskKitDemo.ObjC" */;
			compatibilityVersion = "Xcode 3.2";
			developmentRegion = English;
			hasScannedForEncodings = 0;
			knownRegions = (
				en,
			);
			mainGroup = 6DFDCA34985DA0704ED91E17;
			productRefGroup = 6DFDC3D938148712659F413D /* Products */;
			projectDirPath = "";
			projectRoot = "";
			targets = (
				6DFDCE284D81B2B50869BEE6 /* RWTaskKitDemo.ObjC */,
				6DFDCEB0E7C9B3BCF47108EC /* RWTaskKitDemo.ObjCTests */,
			);
		};
/* End PBXProject section */

/* Begin PBXResourcesBuildPhase section */
		6DFDC0FF864EB771832528AB /* Resources */ = {
			isa = PBXResourcesBuildPhase;
			buildActionMask = 2147483647;
			files = (
				6DFDC94E2BC63EB9AF449376 /* Info.plist in Resources */,
				6DFDCCDCD7E563814FF6596B /* Assets.xcassets in Resources */,
				6DFDCD06D148FCAA53C5E750 /* LaunchScreen.storyboard in Resources */,
				6DFDC72F1AD962E55CD61571 /* Main.storyboard in Resources */,
			);
			runOnlyForDeploymentPostprocessing = 0;
		};
		6DFDCF66BE7FDDD8FF1C68F7 /* Resources */ = {
			isa = PBXResourcesBuildPhase;
			buildActionMask = 2147483647;
			files = (
				6DFDCA49251C31E25467141B /* Info.plist in Resources */,
			);
			runOnlyForDeploymentPostprocessing = 0;
		};
/* End PBXResourcesBuildPhase section */

/* Begin PBXSourcesBuildPhase section */
		6DFDC7EF2AA3B0CAE6D06118 /* Sources */ = {
			isa = PBXSourcesBuildPhase;
			buildActionMask = 2147483647;
			files = (
				6DFDC193C6015D698DF35402 /* RWTaskKitDemo_ObjCTests.m in Sources */,
			);
			runOnlyForDeploymentPostprocessing = 0;
		};
		6DFDCBEB31024FE0A674A6CC /* Sources */ = {
			isa = PBXSourcesBuildPhase;
			buildActionMask = 2147483647;
			files = (
				6DFDC656205EA2D423B96EC3 /* main.m in Sources */,
				6DFDC6D4ABCDD832B72EA4AA /* AppDelegate.m in Sources */,
				6DFDC711A0783FE7A4060478 /* ViewController.m in Sources */,
			);
			runOnlyForDeploymentPostprocessing = 0;
		};
/* End PBXSourcesBuildPhase section */

/* Begin PBXTargetDependency section */
		6DFDCC793A80634D5E35BA86 /* PBXTargetDependency */ = {
			isa = PBXTargetDependency;
			target = 6DFDCE284D81B2B50869BEE6 /* RWTaskKitDemo.ObjC */;
			targetProxy = 6DFDC416958DA44BFE329FF8 /* PBXContainerItemProxy */;
		};
/* End PBXTargetDependency section */

/* Begin PBXVariantGroup section */
		6DFDC4547EF9722B997C4691 /* Main.storyboard */ = {
			isa = PBXVariantGroup;
			children = (
				6DFDCD563ECFEF0648EA03B6 /* Base */,
			);
			name = Main.storyboard;
			sourceTree = "<group>";
		};
		6DFDCC68BDECABCCBDD35F54 /* LaunchScreen.storyboard */ = {
			isa = PBXVariantGroup;
			children = (
				6DFDC61C2944B2554B6B3532 /* Base */,
			);
			name = LaunchScreen.storyboard;
			sourceTree = "<group>";
		};
/* End PBXVariantGroup section */

/* Begin XCBuildConfiguration section */
		6DFDC20753AC57E2D2E208E4 /* Debug */ = {
			isa = XCBuildConfiguration;
			buildSettings = {
				ALWAYS_SEARCH_USER_PATHS = NO;
				CLANG_CXX_LANGUAGE_STANDARD = "gnu++0x";
				CLANG_CXX_LIBRARY = "libc++";
				CLANG_ENABLE_MODULES = YES;
				CLANG_ENABLE_OBJC_ARC = YES;
				CLANG_WARN_BOOL_CONVERSION = YES;
				CLANG_WARN_CONSTANT_CONVERSION = YES;
				CLANG_WARN_DIRECT_OBJC_ISA_USAGE = YES_ERROR;
				CLANG_WARN_EMPTY_BODY = YES;
				CLANG_WARN_ENUM_CONVERSION = YES;
				CLANG_WARN_INT_CONVERSION = YES;
				CLANG_WARN_OBJC_ROOT_CLASS = YES_ERROR;
				CLANG_WARN_UNREACHABLE_CODE = YES;
				CLANG_WARN__DUPLICATE_METHOD_MATCH = YES;
				"CODE_SIGN_IDENTITY[sdk=iphoneos*]" = "iPhone Developer";
				COPY_PHASE_STRIP = NO;
				DEBUG_INFORMATION_FORMAT = dwarf;
				ENABLE_STRICT_OBJC_MSGSEND = YES;
				ENABLE_TESTABILITY = YES;
				GCC_C_LANGUAGE_STANDARD = gnu99;
				GCC_DYNAMIC_NO_PIC = NO;
				GCC_NO_COMMON_BLOCKS = YES;
				GCC_OPTIMIZATION_LEVEL = 0;
				GCC_PREPROCESSOR_DEFINITIONS = (
					"DEBUG=1",
					"$(inherited)",
				);
				GCC_WARN_64_TO_32_BIT_CONVERSION = YES;
				GCC_WARN_ABOUT_RETURN_TYPE = YES_ERROR;
				GCC_WARN_UNDECLARED_SELECTOR = YES;
				GCC_WARN_UNINITIALIZED_AUTOS = YES_AGGRESSIVE;
				GCC_WARN_UNUSED_FUNCTION = YES;
				GCC_WARN_UNUSED_VARIABLE = YES;
				IPHONEOS_DEPLOYMENT_TARGET = 9.2;
				MTL_ENABLE_DEBUG_INFO = YES;
				ONLY_ACTIVE_ARCH = YES;
				SDKROOT = iphoneos;
			};
			name = Debug;
		};
		6DFDC2100425ABE37635D6D7 /* Release */ = {
			isa = XCBuildConfiguration;
			buildSettings = {
				BUNDLE_LOADER = "$(BUILT_PRODUCTS_DIR)/RWTaskKitDemo.ObjC.app/RWTaskKitDemo.ObjC";
				INFOPLIST_FILE = RWTaskKitDemo.ObjCTests/Info.plist;
				LD_RUNPATH_SEARCH_PATHS = "$(inherited) @executable_path/Frameworks @loader_path/Frameworks";
				PRODUCT_BUNDLE_IDENTIFIER = "RW.RWTaskKitDemo-ObjCTests";
				PRODUCT_NAME = "$(TARGET_NAME)";
				TEST_HOST = "$(BUNDLE_LOADER)";
			};
			name = Release;
		};
		6DFDC2B6E9037F109E068808 /* Debug */ = {
			isa = XCBuildConfiguration;
			buildSettings = {
				ASSETCATALOG_COMPILER_APPICON_NAME = AppIcon;
				INFOPLIST_FILE = RWTaskKitDemo.ObjC/Info.plist;
				LD_RUNPATH_SEARCH_PATHS = "$(inherited) @executable_path/Frameworks";
				PRODUCT_BUNDLE_IDENTIFIER = "RW.RWTaskKitDemo-ObjC";
				PRODUCT_NAME = "$(TARGET_NAME)";
			};
			name = Debug;
		};
		6DFDC8A0DBBF67B0013313C4 /* Debug */ = {
			isa = XCBuildConfiguration;
			buildSettings = {
				BUNDLE_LOADER = "$(BUILT_PRODUCTS_DIR)/RWTaskKitDemo.ObjC.app/RWTaskKitDemo.ObjC";
				INFOPLIST_FILE = RWTaskKitDemo.ObjCTests/Info.plist;
				LD_RUNPATH_SEARCH_PATHS = "$(inherited) @executable_path/Frameworks @loader_path/Frameworks";
				PRODUCT_BUNDLE_IDENTIFIER = "RW.RWTaskKitDemo-ObjCTests";
				PRODUCT_NAME = "$(TARGET_NAME)";
				TEST_HOST = "$(BUNDLE_LOADER)";
			};
			name = Debug;
		};
		6DFDCBA4DE3C32A38D26B203 /* Release */ = {
			isa = XCBuildConfiguration;
			buildSettings = {
				ASSETCATALOG_COMPILER_APPICON_NAME = AppIcon;
				INFOPLIST_FILE = RWTaskKitDemo.ObjC/Info.plist;
				LD_RUNPATH_SEARCH_PATHS = "$(inherited) @executable_path/Frameworks";
				PRODUCT_BUNDLE_IDENTIFIER = "RW.RWTaskKitDemo-ObjC";
				PRODUCT_NAME = "$(TARGET_NAME)";
			};
			name = Release;
		};
		6DFDCF83798D6351CE5FE0BD /* Release */ = {
			isa = XCBuildConfiguration;
			buildSettings = {
				ALWAYS_SEARCH_USER_PATHS = NO;
				CLANG_CXX_LANGUAGE_STANDARD = "gnu++0x";
				CLANG_CXX_LIBRARY = "libc++";
				CLANG_ENABLE_MODULES = YES;
				CLANG_ENABLE_OBJC_ARC = YES;
				CLANG_WARN_BOOL_CONVERSION = YES;
				CLANG_WARN_CONSTANT_CONVERSION = YES;
				CLANG_WARN_DIRECT_OBJC_ISA_USAGE = YES_ERROR;
				CLANG_WARN_EMPTY_BODY = YES;
				CLANG_WARN_ENUM_CONVERSION = YES;
				CLANG_WARN_INT_CONVERSION = YES;
				CLANG_WARN_OBJC_ROOT_CLASS = YES_ERROR;
				CLANG_WARN_UNREACHABLE_CODE = YES;
				CLANG_WARN__DUPLICATE_METHOD_MATCH = YES;
				"CODE_SIGN_IDENTITY[sdk=iphoneos*]" = "iPhone Developer";
				COPY_PHASE_STRIP = NO;
				DEBUG_INFORMATION_FORMAT = "dwarf-with-dsym";
				ENABLE_NS_ASSERTIONS = NO;
				ENABLE_STRICT_OBJC_MSGSEND = YES;
				GCC_C_LANGUAGE_STANDARD = gnu99;
				GCC_NO_COMMON_BLOCKS = YES;
				GCC_WARN_64_TO_32_BIT_CONVERSION = YES;
				GCC_WARN_ABOUT_RETURN_TYPE = YES_ERROR;
				GCC_WARN_UNDECLARED_SELECTOR = YES;
				GCC_WARN_UNINITIALIZED_AUTOS = YES_AGGRESSIVE;
				GCC_WARN_UNUSED_FUNCTION = YES;
				GCC_WARN_UNUSED_VARIABLE = YES;
				IPHONEOS_DEPLOYMENT_TARGET = 9.2;
				MTL_ENABLE_DEBUG_INFO = NO;
				SDKROOT = iphoneos;
				VALIDATE_PRODUCT = YES;
			};
			name = Release;
		};
/* End XCBuildConfiguration section */

/* Begin XCConfigurationList section */
		6DFDC916C4FF7D70BEA508C4 /* Build configuration list for PBXProject "RWTaskKitDemo.ObjC" */ = {
			isa = XCConfigurationList;
			buildConfigurations = (
				6DFDC20753AC57E2D2E208E4 /* Debug */,
				6DFDCF83798D6351CE5FE0BD /* Release */,
			);
			defaultConfigurationIsVisible = 0;
			defaultConfigurationName = Release;
		};
		6DFDC99295A126B91A3E706B /* Build configuration list for PBXNativeTarget "RWTaskKitDemo.ObjCTests" */ = {
			isa = XCConfigurationList;
			buildConfigurations = (
				6DFDC8A0DBBF67B0013313C4 /* Debug */,
				6DFDC2100425ABE37635D6D7 /* Release */,
			);
			defaultConfigurationIsVisible = 0;
		};
		6DFDCBB613FEB2174BFB0668 /* Build configuration list for PBXNativeTarget "RWTaskKitDemo.ObjC" */ = {
			isa = XCConfigurationList;
			buildConfigurations = (
				6DFDC2B6E9037F109E068808 /* Debug */,
				6DFDCBA4DE3C32A38D26B203 /* Release */,
			);
			defaultConfigurationIsVisible = 0;
		};
/* End XCConfigurationList section */
	};
	rootObject = 6DFDCDA153E14C3E52ACD0EE /* Project object */;
}
